
Microsoft Visual Studio Solution File, Format Version 12.00
# Visual Studio Version 17
VisualStudioVersion = 17.13.35931.197 d17.13
MinimumVisualStudioVersion = 10.0.40219.1
Project("{FAE04EC0-301F-11D3-BF4B-00C04F79EFBC}") = "Caching_WebApiTemplate", "Caching_WebApiTemplate\Caching_WebApiTemplate.csproj", "{47C36A8C-A862-4E90-A5AF-5D0296EEE826}"
EndProject
Global
	GlobalSection(SolutionConfigurationPlatforms) = preSolution
		Debug|Any CPU = Debug|Any CPU
		Release|Any CPU = Release|Any CPU
	EndGlobalSection
	GlobalSection(ProjectConfigurationPlatforms) = postSolution
		{47C36A8C-A862-4E90-A5AF-5D0296EEE826}.Debug|Any CPU.ActiveCfg = Debug|Any CPU
		{47C36A8C-A862-4E90-A5AF-5D0296EEE826}.Debug|Any CPU.Build.0 = Debug|Any CPU
		{47C36A8C-A862-4E90-A5AF-5D0296EEE826}.Release|Any CPU.ActiveCfg = Release|Any CPU
		{47C36A8C-A862-4E90-A5AF-5D0296EEE826}.Release|Any CPU.Build.0 = Release|Any CPU
	EndGlobalSection
	GlobalSection(SolutionProperties) = preSolution
		HideSolutionNode = FALSE
	EndGlobalSection
	GlobalSection(ExtensibilityGlobals) = postSolution
		SolutionGuid = {E81D3DCB-7E9F-4BB4-A2BB-23EE0203824F}
	EndGlobalSection
EndGlobal
